
Microsoft Visual Studio Solution File, Format Version 12.00
# Visual Studio 15
VisualStudioVersion = 15.0.27130.2010
MinimumVisualStudioVersion = 10.0.40219.1
Project("{FAE04EC0-301F-11D3-BF4B-00C04F79EFBC}") = "MtuReminder", "MtuReminder\MtuReminder.csproj", "{719F93E0-D2EF-476E-8BF6-62CEE7A81A13}"
EndProject
Project("{54435603-DBB4-11D2-8724-00A0C9A8B90C}") = "Setup", "Setup\Setup.vdproj", "{32BB12DB-2904-4176-A8E3-F4C2BECABD60}"
EndProject
Global
	GlobalSection(SolutionConfigurationPlatforms) = preSolution
		Debug|Any CPU = Debug|Any CPU
		Release|Any CPU = Release|Any CPU
	EndGlobalSection
	GlobalSection(ProjectConfigurationPlatforms) = postSolution
		{719F93E0-D2EF-476E-8BF6-62CEE7A81A13}.Debug|Any CPU.ActiveCfg = Debug|Any CPU
		{719F93E0-D2EF-476E-8BF6-62CEE7A81A13}.Debug|Any CPU.Build.0 = Debug|Any CPU
		{719F93E0-D2EF-476E-8BF6-62CEE7A81A13}.Release|Any CPU.ActiveCfg = Release|Any CPU
		{719F93E0-D2EF-476E-8BF6-62CEE7A81A13}.Release|Any CPU.Build.0 = Release|Any CPU
		{32BB12DB-2904-4176-A8E3-F4C2BECABD60}.Debug|Any CPU.ActiveCfg = Debug
		{32BB12DB-2904-4176-A8E3-F4C2BECABD60}.Release|Any CPU.ActiveCfg = Release
	EndGlobalSection
	GlobalSection(SolutionProperties) = preSolution
		HideSolutionNode = FALSE
	EndGlobalSection
	GlobalSection(ExtensibilityGlobals) = postSolution
		SolutionGuid = {6C864185-2D21-468E-9828-36D3FCEEBA29}
	EndGlobalSection
EndGlobal
